
Microsoft Visual Studio Solution File, Format Version 12.00
# Visual Studio Version 16
VisualStudioVersion = 16.0.31727.386
MinimumVisualStudioVersion = 10.0.40219.1
Project("{FAE04EC0-301F-11D3-BF4B-00C04F79EFBC}") = "WindowsFormsAppLibrarymanagementsystem_UserDashboard", "WindowsFormsAppLibrarymanagementsystem_UserDashboard\WindowsFormsAppLibrarymanagementsystem_UserDashboard.csproj", "{E85387E1-805C-4F2C-BF13-406456D0A08F}"
EndProject
Global
	GlobalSection(SolutionConfigurationPlatforms) = preSolution
		Debug|Any CPU = Debug|Any CPU
		Release|Any CPU = Release|Any CPU
	EndGlobalSection
	GlobalSection(ProjectConfigurationPlatforms) = postSolution
		{E85387E1-805C-4F2C-BF13-406456D0A08F}.Debug|Any CPU.ActiveCfg = Debug|Any CPU
		{E85387E1-805C-4F2C-BF13-406456D0A08F}.Debug|Any CPU.Build.0 = Debug|Any CPU
		{E85387E1-805C-4F2C-BF13-406456D0A08F}.Release|Any CPU.ActiveCfg = Release|Any CPU
		{E85387E1-805C-4F2C-BF13-406456D0A08F}.Release|Any CPU.Build.0 = Release|Any CPU
	EndGlobalSection
	GlobalSection(SolutionProperties) = preSolution
		HideSolutionNode = FALSE
	EndGlobalSection
	GlobalSection(ExtensibilityGlobals) = postSolution
		SolutionGuid = {9C490F61-6FAB-43CE-8FC1-46032E175348}
	EndGlobalSection
EndGlobal
