
Microsoft Visual Studio Solution File, Format Version 12.00
# Visual Studio Version 16
VisualStudioVersion = 16.0.31702.278
MinimumVisualStudioVersion = 10.0.40219.1
Project("{FAE04EC0-301F-11D3-BF4B-00C04F79EFBC}") = "setting", "setting\setting.csproj", "{5D019D5F-4AE4-4025-B571-7238E40D732F}"
EndProject
Global
	GlobalSection(SolutionConfigurationPlatforms) = preSolution
		Debug|Any CPU = Debug|Any CPU
		Release|Any CPU = Release|Any CPU
	EndGlobalSection
	GlobalSection(ProjectConfigurationPlatforms) = postSolution
		{5D019D5F-4AE4-4025-B571-7238E40D732F}.Debug|Any CPU.ActiveCfg = Debug|Any CPU
		{5D019D5F-4AE4-4025-B571-7238E40D732F}.Debug|Any CPU.Build.0 = Debug|Any CPU
		{5D019D5F-4AE4-4025-B571-7238E40D732F}.Release|Any CPU.ActiveCfg = Release|Any CPU
		{5D019D5F-4AE4-4025-B571-7238E40D732F}.Release|Any CPU.Build.0 = Release|Any CPU
	EndGlobalSection
	GlobalSection(SolutionProperties) = preSolution
		HideSolutionNode = FALSE
	EndGlobalSection
	GlobalSection(ExtensibilityGlobals) = postSolution
		SolutionGuid = {F6B13044-A744-49B4-A555-7EA4F49DDE22}
	EndGlobalSection
EndGlobal
